// !$*UTF8*$!
{
	archiveVersion = 1;
	classes = {
	};
	objectVersion = 52;
	objects = {

/* Begin PBXBuildFile section */
		6F01F8B5248C373600972FCB /* ScrollInsPopup.swift in Sources */ = {isa = PBXBuildFile; fileRef = 6F01F8B4248C373600972FCB /* ScrollInsPopup.swift */; };
		6F01F8B8248C778B00972FCB /* Pages in Frameworks */ = {isa = PBXBuildFile; productRef = 6F01F8B7248C778B00972FCB /* Pages */; };
		6F0968AF247FF71600F5741D /* IngredientsOwned.swift in Sources */ = {isa = PBXBuildFile; fileRef = 6F0968AE247FF71600F5741D /* IngredientsOwned.swift */; };
		6F0968B1247FFEA800F5741D /* Extensions.swift in Sources */ = {isa = PBXBuildFile; fileRef = 6F0968B0247FFEA800F5741D /* Extensions.swift */; };
		6F1F30F8248BD71800F8FC93 /* SeeAllIng.swift in Sources */ = {isa = PBXBuildFile; fileRef = 6F1F30F7248BD71800F8FC93 /* SeeAllIng.swift */; };
		6F1F30FF248BDA2000F8FC93 /* Raleway-Bold.ttf in Resources */ = {isa = PBXBuildFile; fileRef = 6F1F30FA248BDA2000F8FC93 /* Raleway-Bold.ttf */; };
		6F1F3100248BDA2000F8FC93 /* Raleway-Regular.ttf in Resources */ = {isa = PBXBuildFile; fileRef = 6F1F30FB248BDA2000F8FC93 /* Raleway-Regular.ttf */; };
		6F1F3101248BDA2000F8FC93 /* Raleway-Light.ttf in Resources */ = {isa = PBXBuildFile; fileRef = 6F1F30FC248BDA2000F8FC93 /* Raleway-Light.ttf */; };
		6F1F3102248BDA2000F8FC93 /* Raleway-LightItalic.ttf in Resources */ = {isa = PBXBuildFile; fileRef = 6F1F30FD248BDA2000F8FC93 /* Raleway-LightItalic.ttf */; };
		6F1F3103248BDA2000F8FC93 /* Raleway-Italic.ttf in Resources */ = {isa = PBXBuildFile; fileRef = 6F1F30FE248BDA2000F8FC93 /* Raleway-Italic.ttf */; };
		6F1F3105248C120600F8FC93 /* StepByStep.swift in Sources */ = {isa = PBXBuildFile; fileRef = 6F1F3104248C120600F8FC93 /* StepByStep.swift */; };
		6F2B930D24A570E500D0CAC4 /* MultilineTextField.swift in Sources */ = {isa = PBXBuildFile; fileRef = 6F2B930C24A570E500D0CAC4 /* MultilineTextField.swift */; };
		6F3CB454248E87E5008B8B96 /* SearchBar.swift in Sources */ = {isa = PBXBuildFile; fileRef = 6F3CB453248E87E5008B8B96 /* SearchBar.swift */; };
		6F3CB456248E8C7F008B8B96 /* AllIngItem.swift in Sources */ = {isa = PBXBuildFile; fileRef = 6F3CB455248E8C7F008B8B96 /* AllIngItem.swift */; };
		6F3CB46B248FD8D8008B8B96 /* UserSettings.swift in Sources */ = {isa = PBXBuildFile; fileRef = 6F3CB46A248FD8D8008B8B96 /* UserSettings.swift */; };
		6F3CB471248FE5DE008B8B96 /* RemoveRecipe.swift in Sources */ = {isa = PBXBuildFile; fileRef = 6F3CB470248FE5DE008B8B96 /* RemoveRecipe.swift */; };
		6F67C6AD2498017E00810D94 /* Substitutions.swift in Sources */ = {isa = PBXBuildFile; fileRef = 6F67C6AC2498017E00810D94 /* Substitutions.swift */; };
		6F67C6B324A2A0D700810D94 /* GoogleService-Info.plist in Resources */ = {isa = PBXBuildFile; fileRef = 6F67C6B224A2A0D700810D94 /* GoogleService-Info.plist */; };
		6F699DC2248D2B31000C7D20 /* Settings.swift in Sources */ = {isa = PBXBuildFile; fileRef = 6F699DC1248D2B31000C7D20 /* Settings.swift */; };
		6F699DC4248D3084000C7D20 /* SettingsTile.swift in Sources */ = {isa = PBXBuildFile; fileRef = 6F699DC3248D3084000C7D20 /* SettingsTile.swift */; };
		6F757B97248463B100064839 /* FilterByTime.swift in Sources */ = {isa = PBXBuildFile; fileRef = 6F757B96248463B100064839 /* FilterByTime.swift */; };
		6F7A96FD24A63B05004CDE90 /* ImagePicker.swift in Sources */ = {isa = PBXBuildFile; fileRef = 6F7A96FC24A63B05004CDE90 /* ImagePicker.swift */; };
		6F7A96FF24A63B2A004CDE90 /* PhotoCaptureView.swift in Sources */ = {isa = PBXBuildFile; fileRef = 6F7A96FE24A63B2A004CDE90 /* PhotoCaptureView.swift */; };
		6F7C354C2492C53900AE03AA /* HomeBackground.swift in Sources */ = {isa = PBXBuildFile; fileRef = 6F7C354B2492C53900AE03AA /* HomeBackground.swift */; };
		6F9B05BA24819039004D5D3D /* IngTile.swift in Sources */ = {isa = PBXBuildFile; fileRef = 6F9B05B924819039004D5D3D /* IngTile.swift */; };
		6F9B05BC24819BDD004D5D3D /* SelectIngredientsOwned.swift in Sources */ = {isa = PBXBuildFile; fileRef = 6F9B05BB24819BDD004D5D3D /* SelectIngredientsOwned.swift */; };
		6F9B05BE2481AEAF004D5D3D /* Constants.swift in Sources */ = {isa = PBXBuildFile; fileRef = 6F9B05BD2481AEAF004D5D3D /* Constants.swift */; };
		6F9B05C12481B30A004D5D3D /* HomePage.swift in Sources */ = {isa = PBXBuildFile; fileRef = 6F9B05C02481B30A004D5D3D /* HomePage.swift */; };
		6F9B05C52481B982004D5D3D /* RectangleButton.swift in Sources */ = {isa = PBXBuildFile; fileRef = 6F9B05C42481B982004D5D3D /* RectangleButton.swift */; };
		6FAB319324926B860026A9D1 /* RestoreRecipe.swift in Sources */ = {isa = PBXBuildFile; fileRef = 6FAB319224926B860026A9D1 /* RestoreRecipe.swift */; };
		6FD74DE82471F1A600D8FB80 /* AppDelegate.swift in Sources */ = {isa = PBXBuildFile; fileRef = 6FD74DE72471F1A600D8FB80 /* AppDelegate.swift */; };
		6FD74DEA2471F1A600D8FB80 /* SceneDelegate.swift in Sources */ = {isa = PBXBuildFile; fileRef = 6FD74DE92471F1A600D8FB80 /* SceneDelegate.swift */; };
		6FD74DED2471F1A700D8FB80 /* BakeApp.xcdatamodeld in Sources */ = {isa = PBXBuildFile; fileRef = 6FD74DEB2471F1A600D8FB80 /* BakeApp.xcdatamodeld */; };
		6FD74DF12471F1AA00D8FB80 /* Assets.xcassets in Resources */ = {isa = PBXBuildFile; fileRef = 6FD74DF02471F1AA00D8FB80 /* Assets.xcassets */; };
		6FD74DF42471F1AA00D8FB80 /* Preview Assets.xcassets in Resources */ = {isa = PBXBuildFile; fileRef = 6FD74DF32471F1AA00D8FB80 /* Preview Assets.xcassets */; };
		6FD74DF72471F1AA00D8FB80 /* LaunchScreen.storyboard in Resources */ = {isa = PBXBuildFile; fileRef = 6FD74DF52471F1AA00D8FB80 /* LaunchScreen.storyboard */; };
		6FD74E032471F1E200D8FB80 /* SetUpIng.swift in Sources */ = {isa = PBXBuildFile; fileRef = 6FD74DFF2471F1E200D8FB80 /* SetUpIng.swift */; };
		6FD74E042471F1E200D8FB80 /* Data.swift in Sources */ = {isa = PBXBuildFile; fileRef = 6FD74E002471F1E200D8FB80 /* Data.swift */; };
		6FD74E052471F1E200D8FB80 /* Recipe.swift in Sources */ = {isa = PBXBuildFile; fileRef = 6FD74E012471F1E200D8FB80 /* Recipe.swift */; };
		6FD74E0B2471F26200D8FB80 /* RecipeList.swift in Sources */ = {isa = PBXBuildFile; fileRef = 6FD74E082471F26200D8FB80 /* RecipeList.swift */; };
		6FD74E0C2471F26200D8FB80 /* RecipeDetail.swift in Sources */ = {isa = PBXBuildFile; fileRef = 6FD74E092471F26200D8FB80 /* RecipeDetail.swift */; };
		6FD74E102471F2BD00D8FB80 /* recipeData.json in Resources */ = {isa = PBXBuildFile; fileRef = 6FD74E0F2471F2BD00D8FB80 /* recipeData.json */; };
		6FD74E172471F3AA00D8FB80 /* SideList.swift in Sources */ = {isa = PBXBuildFile; fileRef = 6FD74E152471F3AA00D8FB80 /* SideList.swift */; };
		6FD74E182471F3AA00D8FB80 /* RecipeTile.swift in Sources */ = {isa = PBXBuildFile; fileRef = 6FD74E162471F3AA00D8FB80 /* RecipeTile.swift */; };
		6FD74E1C2471F3C700D8FB80 /* IngList.swift in Sources */ = {isa = PBXBuildFile; fileRef = 6FD74E192471F3C700D8FB80 /* IngList.swift */; };
		6FD74E1D2471F3C700D8FB80 /* CircleImage.swift in Sources */ = {isa = PBXBuildFile; fileRef = 6FD74E1A2471F3C700D8FB80 /* CircleImage.swift */; };
		6FD74E1E2471F3C700D8FB80 /* InsList.swift in Sources */ = {isa = PBXBuildFile; fileRef = 6FD74E1B2471F3C700D8FB80 /* InsList.swift */; };
		6FEBE87724829E21003C1ABF /* TimeLimit.swift in Sources */ = {isa = PBXBuildFile; fileRef = 6FEBE87624829E21003C1ABF /* TimeLimit.swift */; };
		6FEBE8792482A1BC003C1ABF /* TimeSlider.swift in Sources */ = {isa = PBXBuildFile; fileRef = 6FEBE8782482A1BC003C1ABF /* TimeSlider.swift */; };
		6FEBE87B2482D218003C1ABF /* SelectTimeScreen.swift in Sources */ = {isa = PBXBuildFile; fileRef = 6FEBE87A2482D218003C1ABF /* SelectTimeScreen.swift */; };
		6FEBE87D2482E2A1003C1ABF /* RecipeScreener.swift in Sources */ = {isa = PBXBuildFile; fileRef = 6FEBE87C2482E2A1003C1ABF /* RecipeScreener.swift */; };
		6FFA51DC24A55409000F6CC5 /* SuggestRecipe.swift in Sources */ = {isa = PBXBuildFile; fileRef = 6FFA51DB24A55409000F6CC5 /* SuggestRecipe.swift */; };
		6FFA51DE24A56390000F6CC5 /* ContactUs.swift in Sources */ = {isa = PBXBuildFile; fileRef = 6FFA51DD24A56390000F6CC5 /* ContactUs.swift */; };
		7E25D2555F0588042EB8E103 /* Pods_BakeApp.framework in Frameworks */ = {isa = PBXBuildFile; fileRef = 9ED54DB4D170290A573E43D4 /* Pods_BakeApp.framework */; };
/* End PBXBuildFile section */

/* Begin PBXFileReference section */
		050A03C664AE514832E187EB /* Pods-BakeApp.debug.xcconfig */ = {isa = PBXFileReference; includeInIndex = 1; lastKnownFileType = text.xcconfig; name = "Pods-BakeApp.debug.xcconfig"; path = "Target Support Files/Pods-BakeApp/Pods-BakeApp.debug.xcconfig"; sourceTree = "<group>"; };
		6F01F8B4248C373600972FCB /* ScrollInsPopup.swift */ = {isa = PBXFileReference; lastKnownFileType = sourcecode.swift; path = ScrollInsPopup.swift; sourceTree = "<group>"; };
		6F0968AE247FF71600F5741D /* IngredientsOwned.swift */ = {isa = PBXFileReference; lastKnownFileType = sourcecode.swift; path = IngredientsOwned.swift; sourceTree = "<group>"; };
		6F0968B0247FFEA800F5741D /* Extensions.swift */ = {isa = PBXFileReference; lastKnownFileType = sourcecode.swift; path = Extensions.swift; sourceTree = "<group>"; };
		6F1F30F7248BD71800F8FC93 /* SeeAllIng.swift */ = {isa = PBXFileReference; lastKnownFileType = sourcecode.swift; path = SeeAllIng.swift; sourceTree = "<group>"; };
		6F1F30FA248BDA2000F8FC93 /* Raleway-Bold.ttf */ = {isa = PBXFileReference; lastKnownFileType = file; path = "Raleway-Bold.ttf"; sourceTree = "<group>"; };
		6F1F30FB248BDA2000F8FC93 /* Raleway-Regular.ttf */ = {isa = PBXFileReference; lastKnownFileType = file; path = "Raleway-Regular.ttf"; sourceTree = "<group>"; };
		6F1F30FC248BDA2000F8FC93 /* Raleway-Light.ttf */ = {isa = PBXFileReference; lastKnownFileType = file; path = "Raleway-Light.ttf"; sourceTree = "<group>"; };
		6F1F30FD248BDA2000F8FC93 /* Raleway-LightItalic.ttf */ = {isa = PBXFileReference; lastKnownFileType = file; path = "Raleway-LightItalic.ttf"; sourceTree = "<group>"; };
		6F1F30FE248BDA2000F8FC93 /* Raleway-Italic.ttf */ = {isa = PBXFileReference; lastKnownFileType = file; path = "Raleway-Italic.ttf"; sourceTree = "<group>"; };
		6F1F3104248C120600F8FC93 /* StepByStep.swift */ = {isa = PBXFileReference; lastKnownFileType = sourcecode.swift; path = StepByStep.swift; sourceTree = "<group>"; };
		6F2B930C24A570E500D0CAC4 /* MultilineTextField.swift */ = {isa = PBXFileReference; lastKnownFileType = sourcecode.swift; path = MultilineTextField.swift; sourceTree = "<group>"; };
		6F3CB453248E87E5008B8B96 /* SearchBar.swift */ = {isa = PBXFileReference; lastKnownFileType = sourcecode.swift; path = SearchBar.swift; sourceTree = "<group>"; };
		6F3CB455248E8C7F008B8B96 /* AllIngItem.swift */ = {isa = PBXFileReference; lastKnownFileType = sourcecode.swift; path = AllIngItem.swift; sourceTree = "<group>"; };
		6F3CB45D248EBC82008B8B96 /* Pages */ = {isa = PBXFileReference; lastKnownFileType = folder; name = Pages; path = ../Pages; sourceTree = "<group>"; };
		6F3CB46A248FD8D8008B8B96 /* UserSettings.swift */ = {isa = PBXFileReference; lastKnownFileType = sourcecode.swift; path = UserSettings.swift; sourceTree = "<group>"; };
		6F3CB470248FE5DE008B8B96 /* RemoveRecipe.swift */ = {isa = PBXFileReference; lastKnownFileType = sourcecode.swift; path = RemoveRecipe.swift; sourceTree = "<group>"; };
		6F67C6AC2498017E00810D94 /* Substitutions.swift */ = {isa = PBXFileReference; lastKnownFileType = sourcecode.swift; path = Substitutions.swift; sourceTree = "<group>"; };
		6F67C6B224A2A0D700810D94 /* GoogleService-Info.plist */ = {isa = PBXFileReference; fileEncoding = 4; lastKnownFileType = text.plist.xml; path = "GoogleService-Info.plist"; sourceTree = "<group>"; };
		6F699DC1248D2B31000C7D20 /* Settings.swift */ = {isa = PBXFileReference; lastKnownFileType = sourcecode.swift; path = Settings.swift; sourceTree = "<group>"; };
		6F699DC3248D3084000C7D20 /* SettingsTile.swift */ = {isa = PBXFileReference; lastKnownFileType = sourcecode.swift; path = SettingsTile.swift; sourceTree = "<group>"; };
		6F757B96248463B100064839 /* FilterByTime.swift */ = {isa = PBXFileReference; lastKnownFileType = sourcecode.swift; path = FilterByTime.swift; sourceTree = "<group>"; };
		6F7A96FC24A63B05004CDE90 /* ImagePicker.swift */ = {isa = PBXFileReference; lastKnownFileType = sourcecode.swift; path = ImagePicker.swift; sourceTree = "<group>"; };
		6F7A96FE24A63B2A004CDE90 /* PhotoCaptureView.swift */ = {isa = PBXFileReference; lastKnownFileType = sourcecode.swift; path = PhotoCaptureView.swift; sourceTree = "<group>"; };
		6F7C354B2492C53900AE03AA /* HomeBackground.swift */ = {isa = PBXFileReference; lastKnownFileType = sourcecode.swift; path = HomeBackground.swift; sourceTree = "<group>"; };
		6F9B05B924819039004D5D3D /* IngTile.swift */ = {isa = PBXFileReference; lastKnownFileType = sourcecode.swift; path = IngTile.swift; sourceTree = "<group>"; };
		6F9B05BB24819BDD004D5D3D /* SelectIngredientsOwned.swift */ = {isa = PBXFileReference; lastKnownFileType = sourcecode.swift; path = SelectIngredientsOwned.swift; sourceTree = "<group>"; };
		6F9B05BD2481AEAF004D5D3D /* Constants.swift */ = {isa = PBXFileReference; lastKnownFileType = sourcecode.swift; path = Constants.swift; sourceTree = "<group>"; };
		6F9B05C02481B30A004D5D3D /* HomePage.swift */ = {isa = PBXFileReference; lastKnownFileType = sourcecode.swift; path = HomePage.swift; sourceTree = "<group>"; };
		6F9B05C42481B982004D5D3D /* RectangleButton.swift */ = {isa = PBXFileReference; lastKnownFileType = sourcecode.swift; path = RectangleButton.swift; sourceTree = "<group>"; };
		6FAB319224926B860026A9D1 /* RestoreRecipe.swift */ = {isa = PBXFileReference; lastKnownFileType = sourcecode.swift; path = RestoreRecipe.swift; sourceTree = "<group>"; };
		6FD74DE42471F1A600D8FB80 /* BakeApp.app */ = {isa = PBXFileReference; explicitFileType = wrapper.application; includeInIndex = 0; path = BakeApp.app; sourceTree = BUILT_PRODUCTS_DIR; };
		6FD74DE72471F1A600D8FB80 /* AppDelegate.swift */ = {isa = PBXFileReference; lastKnownFileType = sourcecode.swift; path = AppDelegate.swift; sourceTree = "<group>"; };
		6FD74DE92471F1A600D8FB80 /* SceneDelegate.swift */ = {isa = PBXFileReference; lastKnownFileType = sourcecode.swift; path = SceneDelegate.swift; sourceTree = "<group>"; };
		6FD74DEC2471F1A700D8FB80 /* BakeApp.xcdatamodel */ = {isa = PBXFileReference; lastKnownFileType = wrapper.xcdatamodel; path = BakeApp.xcdatamodel; sourceTree = "<group>"; };
		6FD74DF02471F1AA00D8FB80 /* Assets.xcassets */ = {isa = PBXFileReference; lastKnownFileType = folder.assetcatalog; path = Assets.xcassets; sourceTree = "<group>"; };
		6FD74DF32471F1AA00D8FB80 /* Preview Assets.xcassets */ = {isa = PBXFileReference; lastKnownFileType = folder.assetcatalog; path = "Preview Assets.xcassets"; sourceTree = "<group>"; };
		6FD74DF62471F1AA00D8FB80 /* Base */ = {isa = PBXFileReference; lastKnownFileType = file.storyboard; name = Base; path = Base.lproj/LaunchScreen.storyboard; sourceTree = "<group>"; };
		6FD74DF82471F1AA00D8FB80 /* Info.plist */ = {isa = PBXFileReference; lastKnownFileType = text.plist.xml; path = Info.plist; sourceTree = "<group>"; };
		6FD74DFF2471F1E200D8FB80 /* SetUpIng.swift */ = {isa = PBXFileReference; fileEncoding = 4; lastKnownFileType = sourcecode.swift; path = SetUpIng.swift; sourceTree = "<group>"; };
		6FD74E002471F1E200D8FB80 /* Data.swift */ = {isa = PBXFileReference; fileEncoding = 4; lastKnownFileType = sourcecode.swift; path = Data.swift; sourceTree = "<group>"; };
		6FD74E012471F1E200D8FB80 /* Recipe.swift */ = {isa = PBXFileReference; fileEncoding = 4; lastKnownFileType = sourcecode.swift; path = Recipe.swift; sourceTree = "<group>"; };
		6FD74E082471F26200D8FB80 /* RecipeList.swift */ = {isa = PBXFileReference; fileEncoding = 4; lastKnownFileType = sourcecode.swift; path = RecipeList.swift; sourceTree = "<group>"; };
		6FD74E092471F26200D8FB80 /* RecipeDetail.swift */ = {isa = PBXFileReference; fileEncoding = 4; lastKnownFileType = sourcecode.swift; path = RecipeDetail.swift; sourceTree = "<group>"; };
		6FD74E0F2471F2BD00D8FB80 /* recipeData.json */ = {isa = PBXFileReference; fileEncoding = 4; lastKnownFileType = text.json; path = recipeData.json; sourceTree = "<group>"; };
		6FD74E152471F3AA00D8FB80 /* SideList.swift */ = {isa = PBXFileReference; fileEncoding = 4; lastKnownFileType = sourcecode.swift; path = SideList.swift; sourceTree = "<group>"; };
		6FD74E162471F3AA00D8FB80 /* RecipeTile.swift */ = {isa = PBXFileReference; fileEncoding = 4; lastKnownFileType = sourcecode.swift; path = RecipeTile.swift; sourceTree = "<group>"; };
		6FD74E192471F3C700D8FB80 /* IngList.swift */ = {isa = PBXFileReference; fileEncoding = 4; lastKnownFileType = sourcecode.swift; path = IngList.swift; sourceTree = "<group>"; };
		6FD74E1A2471F3C700D8FB80 /* CircleImage.swift */ = {isa = PBXFileReference; fileEncoding = 4; lastKnownFileType = sourcecode.swift; path = CircleImage.swift; sourceTree = "<group>"; };
		6FD74E1B2471F3C700D8FB80 /* InsList.swift */ = {isa = PBXFileReference; fileEncoding = 4; lastKnownFileType = sourcecode.swift; path = InsList.swift; sourceTree = "<group>"; };
		6FEBE87624829E21003C1ABF /* TimeLimit.swift */ = {isa = PBXFileReference; lastKnownFileType = sourcecode.swift; path = TimeLimit.swift; sourceTree = "<group>"; };
		6FEBE8782482A1BC003C1ABF /* TimeSlider.swift */ = {isa = PBXFileReference; lastKnownFileType = sourcecode.swift; path = TimeSlider.swift; sourceTree = "<group>"; };
		6FEBE87A2482D218003C1ABF /* SelectTimeScreen.swift */ = {isa = PBXFileReference; lastKnownFileType = sourcecode.swift; path = SelectTimeScreen.swift; sourceTree = "<group>"; };
		6FEBE87C2482E2A1003C1ABF /* RecipeScreener.swift */ = {isa = PBXFileReference; lastKnownFileType = sourcecode.swift; path = RecipeScreener.swift; sourceTree = "<group>"; };
		6FFA51DB24A55409000F6CC5 /* SuggestRecipe.swift */ = {isa = PBXFileReference; lastKnownFileType = sourcecode.swift; path = SuggestRecipe.swift; sourceTree = "<group>"; };
		6FFA51DD24A56390000F6CC5 /* ContactUs.swift */ = {isa = PBXFileReference; lastKnownFileType = sourcecode.swift; path = ContactUs.swift; sourceTree = "<group>"; };
		9ED54DB4D170290A573E43D4 /* Pods_BakeApp.framework */ = {isa = PBXFileReference; explicitFileType = wrapper.framework; includeInIndex = 0; path = Pods_BakeApp.framework; sourceTree = BUILT_PRODUCTS_DIR; };
		A0A66B070E71913DA1461156 /* Pods-BakeApp.release.xcconfig */ = {isa = PBXFileReference; includeInIndex = 1; lastKnownFileType = text.xcconfig; name = "Pods-BakeApp.release.xcconfig"; path = "Target Support Files/Pods-BakeApp/Pods-BakeApp.release.xcconfig"; sourceTree = "<group>"; };
/* End PBXFileReference section */

/* Begin PBXFrameworksBuildPhase section */
		6FD74DE12471F1A600D8FB80 /* Frameworks */ = {
			isa = PBXFrameworksBuildPhase;
			buildActionMask = 2147483647;
			files = (
				6F01F8B8248C778B00972FCB /* Pages in Frameworks */,
				7E25D2555F0588042EB8E103 /* Pods_BakeApp.framework in Frameworks */,
			);
			runOnlyForDeploymentPostprocessing = 0;
		};
/* End PBXFrameworksBuildPhase section */

/* Begin PBXGroup section */
		6F1F30F9248BD9C400F8FC93 /* Fonts */ = {
			isa = PBXGroup;
			children = (
				6F1F30FA248BDA2000F8FC93 /* Raleway-Bold.ttf */,
				6F1F30FE248BDA2000F8FC93 /* Raleway-Italic.ttf */,
				6F1F30FC248BDA2000F8FC93 /* Raleway-Light.ttf */,
				6F1F30FD248BDA2000F8FC93 /* Raleway-LightItalic.ttf */,
				6F1F30FB248BDA2000F8FC93 /* Raleway-Regular.ttf */,
			);
			path = Fonts;
			sourceTree = "<group>";
		};
		6F699DC0248D2B12000C7D20 /* Views */ = {
			isa = PBXGroup;
			children = (
				6F9B05C02481B30A004D5D3D /* HomePage.swift */,
				6F9B05BB24819BDD004D5D3D /* SelectIngredientsOwned.swift */,
				6F1F30F7248BD71800F8FC93 /* SeeAllIng.swift */,
				6FEBE87A2482D218003C1ABF /* SelectTimeScreen.swift */,
				6FD74E092471F26200D8FB80 /* RecipeDetail.swift */,
				6FD74E082471F26200D8FB80 /* RecipeList.swift */,
				6F699DC5248D4567000C7D20 /* SettingsViews */,
			);
			path = Views;
			sourceTree = "<group>";
		};
		6F699DC5248D4567000C7D20 /* SettingsViews */ = {
			isa = PBXGroup;
			children = (
				6F699DC1248D2B31000C7D20 /* Settings.swift */,
				6F3CB470248FE5DE008B8B96 /* RemoveRecipe.swift */,
				6FAB319224926B860026A9D1 /* RestoreRecipe.swift */,
				6FFA51DB24A55409000F6CC5 /* SuggestRecipe.swift */,
				6FFA51DD24A56390000F6CC5 /* ContactUs.swift */,
			);
			path = SettingsViews;
			sourceTree = "<group>";
		};
		6FD74DDB2471F1A600D8FB80 = {
			isa = PBXGroup;
			children = (
				6F67C6B224A2A0D700810D94 /* GoogleService-Info.plist */,
				6FD74DE62471F1A600D8FB80 /* BakeApp */,
				6FD74DE52471F1A600D8FB80 /* Products */,
				6F3CB45D248EBC82008B8B96 /* Pages */,
				DEEF4F7861D09C0EDBA69A6E /* Pods */,
				BF0B8EC3A8DF74987ECD3A84 /* Frameworks */,
			);
			sourceTree = "<group>";
		};
		6FD74DE52471F1A600D8FB80 /* Products */ = {
			isa = PBXGroup;
			children = (
				6FD74DE42471F1A600D8FB80 /* BakeApp.app */,
			);
			name = Products;
			sourceTree = "<group>";
		};
		6FD74DE62471F1A600D8FB80 /* BakeApp */ = {
			isa = PBXGroup;
			children = (
				6FD74DE72471F1A600D8FB80 /* AppDelegate.swift */,
				6FD74DE92471F1A600D8FB80 /* SceneDelegate.swift */,
				6FD74E062471F1F500D8FB80 /* Models */,
				6F699DC0248D2B12000C7D20 /* Views */,
				6FD74E112471F2C500D8FB80 /* Resources */,
				6FD74E142471F38900D8FB80 /* Supporting Views */,
				6F1F30F9248BD9C400F8FC93 /* Fonts */,
				6FD74DF02471F1AA00D8FB80 /* Assets.xcassets */,
				6FD74DF52471F1AA00D8FB80 /* LaunchScreen.storyboard */,
				6FD74DF82471F1AA00D8FB80 /* Info.plist */,
				6FD74DEB2471F1A600D8FB80 /* BakeApp.xcdatamodeld */,
				6FD74DF22471F1AA00D8FB80 /* Preview Content */,
			);
			path = BakeApp;
			sourceTree = "<group>";
		};
		6FD74DF22471F1AA00D8FB80 /* Preview Content */ = {
			isa = PBXGroup;
			children = (
				6FD74DF32471F1AA00D8FB80 /* Preview Assets.xcassets */,
			);
			path = "Preview Content";
			sourceTree = "<group>";
		};
		6FD74E062471F1F500D8FB80 /* Models */ = {
			isa = PBXGroup;
			children = (
				6FD74DFF2471F1E200D8FB80 /* SetUpIng.swift */,
				6FD74E012471F1E200D8FB80 /* Recipe.swift */,
				6FD74E002471F1E200D8FB80 /* Data.swift */,
				6F0968AE247FF71600F5741D /* IngredientsOwned.swift */,
				6FEBE87624829E21003C1ABF /* TimeLimit.swift */,
				6F0968B0247FFEA800F5741D /* Extensions.swift */,
				6F9B05BD2481AEAF004D5D3D /* Constants.swift */,
				6FEBE87C2482E2A1003C1ABF /* RecipeScreener.swift */,
				6F757B96248463B100064839 /* FilterByTime.swift */,
				6F3CB46A248FD8D8008B8B96 /* UserSettings.swift */,
			);
			path = Models;
			sourceTree = "<group>";
		};
		6FD74E112471F2C500D8FB80 /* Resources */ = {
			isa = PBXGroup;
			children = (
				6FD74E0F2471F2BD00D8FB80 /* recipeData.json */,
			);
			path = Resources;
			sourceTree = "<group>";
		};
		6FD74E142471F38900D8FB80 /* Supporting Views */ = {
			isa = PBXGroup;
			children = (
				6FD74E1A2471F3C700D8FB80 /* CircleImage.swift */,
				6FD74E192471F3C700D8FB80 /* IngList.swift */,
				6FD74E1B2471F3C700D8FB80 /* InsList.swift */,
				6FD74E162471F3AA00D8FB80 /* RecipeTile.swift */,
				6FD74E152471F3AA00D8FB80 /* SideList.swift */,
				6F9B05B924819039004D5D3D /* IngTile.swift */,
				6F9B05C42481B982004D5D3D /* RectangleButton.swift */,
				6FEBE8782482A1BC003C1ABF /* TimeSlider.swift */,
				6F01F8B4248C373600972FCB /* ScrollInsPopup.swift */,
				6F1F3104248C120600F8FC93 /* StepByStep.swift */,
				6F699DC3248D3084000C7D20 /* SettingsTile.swift */,
				6F3CB453248E87E5008B8B96 /* SearchBar.swift */,
				6F3CB455248E8C7F008B8B96 /* AllIngItem.swift */,
				6F7C354B2492C53900AE03AA /* HomeBackground.swift */,
				6F67C6AC2498017E00810D94 /* Substitutions.swift */,
				6F2B930C24A570E500D0CAC4 /* MultilineTextField.swift */,
				6F7A96FC24A63B05004CDE90 /* ImagePicker.swift */,
				6F7A96FE24A63B2A004CDE90 /* PhotoCaptureView.swift */,
			);
			path = "Supporting Views";
			sourceTree = "<group>";
		};
		BF0B8EC3A8DF74987ECD3A84 /* Frameworks */ = {
			isa = PBXGroup;
			children = (
				9ED54DB4D170290A573E43D4 /* Pods_BakeApp.framework */,
			);
			name = Frameworks;
			sourceTree = "<group>";
		};
		DEEF4F7861D09C0EDBA69A6E /* Pods */ = {
			isa = PBXGroup;
			children = (
				050A03C664AE514832E187EB /* Pods-BakeApp.debug.xcconfig */,
				A0A66B070E71913DA1461156 /* Pods-BakeApp.release.xcconfig */,
			);
			path = Pods;
			sourceTree = "<group>";
		};
/* End PBXGroup section */

/* Begin PBXNativeTarget section */
		6FD74DE32471F1A600D8FB80 /* BakeApp */ = {
			isa = PBXNativeTarget;
			buildConfigurationList = 6FD74DFB2471F1AA00D8FB80 /* Build configuration list for PBXNativeTarget "BakeApp" */;
			buildPhases = (
				DCD0FE781F3CAEC92215C66C /* [CP] Check Pods Manifest.lock */,
				6FD74DE02471F1A600D8FB80 /* Sources */,
				6FD74DE12471F1A600D8FB80 /* Frameworks */,
				6FD74DE22471F1A600D8FB80 /* Resources */,
				4D229115943EB4CBFFABAB60 /* [CP] Embed Pods Frameworks */,
			);
			buildRules = (
			);
			dependencies = (
			);
			name = BakeApp;
			packageProductDependencies = (
				6F01F8B7248C778B00972FCB /* Pages */,
			);
			productName = BakeApp;
			productReference = 6FD74DE42471F1A600D8FB80 /* BakeApp.app */;
			productType = "com.apple.product-type.application";
		};
/* End PBXNativeTarget section */

/* Begin PBXProject section */
		6FD74DDC2471F1A600D8FB80 /* Project object */ = {
			isa = PBXProject;
			attributes = {
				LastSwiftUpdateCheck = 1140;
				LastUpgradeCheck = 1140;
				ORGANIZATIONNAME = "Alex Moran";
				TargetAttributes = {
					6FD74DE32471F1A600D8FB80 = {
						CreatedOnToolsVersion = 11.4.1;
					};
				};
			};
			buildConfigurationList = 6FD74DDF2471F1A600D8FB80 /* Build configuration list for PBXProject "BakeApp" */;
			compatibilityVersion = "Xcode 9.3";
			developmentRegion = en;
			hasScannedForEncodings = 0;
			knownRegions = (
				en,
				Base,
			);
			mainGroup = 6FD74DDB2471F1A600D8FB80;
			packageReferences = (
				6F01F8B6248C778B00972FCB /* XCRemoteSwiftPackageReference "Pages" */,
			);
			productRefGroup = 6FD74DE52471F1A600D8FB80 /* Products */;
			projectDirPath = "";
			projectRoot = "";
			targets = (
				6FD74DE32471F1A600D8FB80 /* BakeApp */,
			);
		};
/* End PBXProject section */

/* Begin PBXResourcesBuildPhase section */
		6FD74DE22471F1A600D8FB80 /* Resources */ = {
			isa = PBXResourcesBuildPhase;
			buildActionMask = 2147483647;
			files = (
				6FD74DF72471F1AA00D8FB80 /* LaunchScreen.storyboard in Resources */,
				6F1F3103248BDA2000F8FC93 /* Raleway-Italic.ttf in Resources */,
				6F1F3100248BDA2000F8FC93 /* Raleway-Regular.ttf in Resources */,
				6FD74E102471F2BD00D8FB80 /* recipeData.json in Resources */,
				6F1F3102248BDA2000F8FC93 /* Raleway-LightItalic.ttf in Resources */,
				6F1F3101248BDA2000F8FC93 /* Raleway-Light.ttf in Resources */,
				6FD74DF42471F1AA00D8FB80 /* Preview Assets.xcassets in Resources */,
				6F67C6B324A2A0D700810D94 /* GoogleService-Info.plist in Resources */,
				6F1F30FF248BDA2000F8FC93 /* Raleway-Bold.ttf in Resources */,
				6FD74DF12471F1AA00D8FB80 /* Assets.xcassets in Resources */,
			);
			runOnlyForDeploymentPostprocessing = 0;
		};
/* End PBXResourcesBuildPhase section */

/* Begin PBXShellScriptBuildPhase section */
		4D229115943EB4CBFFABAB60 /* [CP] Embed Pods Frameworks */ = {
			isa = PBXShellScriptBuildPhase;
			buildActionMask = 2147483647;
			files = (
			);
			inputFileListPaths = (
				"${PODS_ROOT}/Target Support Files/Pods-BakeApp/Pods-BakeApp-frameworks-${CONFIGURATION}-input-files.xcfilelist",
			);
			name = "[CP] Embed Pods Frameworks";
			outputFileListPaths = (
				"${PODS_ROOT}/Target Support Files/Pods-BakeApp/Pods-BakeApp-frameworks-${CONFIGURATION}-output-files.xcfilelist",
			);
			runOnlyForDeploymentPostprocessing = 0;
			shellPath = /bin/sh;
			shellScript = "\"${PODS_ROOT}/Target Support Files/Pods-BakeApp/Pods-BakeApp-frameworks.sh\"\n";
			showEnvVarsInLog = 0;
		};
		DCD0FE781F3CAEC92215C66C /* [CP] Check Pods Manifest.lock */ = {
			isa = PBXShellScriptBuildPhase;
			buildActionMask = 2147483647;
			files = (
			);
			inputFileListPaths = (
			);
			inputPaths = (
				"${PODS_PODFILE_DIR_PATH}/Podfile.lock",
				"${PODS_ROOT}/Manifest.lock",
			);
			name = "[CP] Check Pods Manifest.lock";
			outputFileListPaths = (
			);
			outputPaths = (
				"$(DERIVED_FILE_DIR)/Pods-BakeApp-checkManifestLockResult.txt",
			);
			runOnlyForDeploymentPostprocessing = 0;
			shellPath = /bin/sh;
			shellScript = "diff \"${PODS_PODFILE_DIR_PATH}/Podfile.lock\" \"${PODS_ROOT}/Manifest.lock\" > /dev/null\nif [ $? != 0 ] ; then\n    # print error to STDERR\n    echo \"error: The sandbox is not in sync with the Podfile.lock. Run 'pod install' or update your CocoaPods installation.\" >&2\n    exit 1\nfi\n# This output is used by Xcode 'outputs' to avoid re-running this script phase.\necho \"SUCCESS\" > \"${SCRIPT_OUTPUT_FILE_0}\"\n";
			showEnvVarsInLog = 0;
		};
/* End PBXShellScriptBuildPhase section */

/* Begin PBXSourcesBuildPhase section */
		6FD74DE02471F1A600D8FB80 /* Sources */ = {
			isa = PBXSourcesBuildPhase;
			buildActionMask = 2147483647;
			files = (
				6F7C354C2492C53900AE03AA /* HomeBackground.swift in Sources */,
				6F699DC2248D2B31000C7D20 /* Settings.swift in Sources */,
				6FD74E042471F1E200D8FB80 /* Data.swift in Sources */,
				6FEBE8792482A1BC003C1ABF /* TimeSlider.swift in Sources */,
				6F9B05C12481B30A004D5D3D /* HomePage.swift in Sources */,
				6F9B05BE2481AEAF004D5D3D /* Constants.swift in Sources */,
				6FD74E1D2471F3C700D8FB80 /* CircleImage.swift in Sources */,
				6F1F3105248C120600F8FC93 /* StepByStep.swift in Sources */,
				6F9B05C52481B982004D5D3D /* RectangleButton.swift in Sources */,
				6F9B05BA24819039004D5D3D /* IngTile.swift in Sources */,
				6F3CB456248E8C7F008B8B96 /* AllIngItem.swift in Sources */,
				6FD74E032471F1E200D8FB80 /* SetUpIng.swift in Sources */,
				6FAB319324926B860026A9D1 /* RestoreRecipe.swift in Sources */,
				6F3CB46B248FD8D8008B8B96 /* UserSettings.swift in Sources */,
				6F67C6AD2498017E00810D94 /* Substitutions.swift in Sources */,
				6F2B930D24A570E500D0CAC4 /* MultilineTextField.swift in Sources */,
				6F7A96FF24A63B2A004CDE90 /* PhotoCaptureView.swift in Sources */,
				6F1F30F8248BD71800F8FC93 /* SeeAllIng.swift in Sources */,
				6F7A96FD24A63B05004CDE90 /* ImagePicker.swift in Sources */,
				6FD74DE82471F1A600D8FB80 /* AppDelegate.swift in Sources */,
				6F3CB471248FE5DE008B8B96 /* RemoveRecipe.swift in Sources */,
				6FFA51DC24A55409000F6CC5 /* SuggestRecipe.swift in Sources */,
				6FEBE87724829E21003C1ABF /* TimeLimit.swift in Sources */,
				6F9B05BC24819BDD004D5D3D /* SelectIngredientsOwned.swift in Sources */,
				6FD74E182471F3AA00D8FB80 /* RecipeTile.swift in Sources */,
				6FD74DEA2471F1A600D8FB80 /* SceneDelegate.swift in Sources */,
				6F0968B1247FFEA800F5741D /* Extensions.swift in Sources */,
				6FD74E1C2471F3C700D8FB80 /* IngList.swift in Sources */,
				6FD74E0C2471F26200D8FB80 /* RecipeDetail.swift in Sources */,
				6F757B97248463B100064839 /* FilterByTime.swift in Sources */,
				6F3CB454248E87E5008B8B96 /* SearchBar.swift in Sources */,
				6FEBE87B2482D218003C1ABF /* SelectTimeScreen.swift in Sources */,
				6FEBE87D2482E2A1003C1ABF /* RecipeScreener.swift in Sources */,
				6F0968AF247FF71600F5741D /* IngredientsOwned.swift in Sources */,
				6FD74E172471F3AA00D8FB80 /* SideList.swift in Sources */,
				6FD74E0B2471F26200D8FB80 /* RecipeList.swift in Sources */,
				6F01F8B5248C373600972FCB /* ScrollInsPopup.swift in Sources */,
				6F699DC4248D3084000C7D20 /* SettingsTile.swift in Sources */,
				6FFA51DE24A56390000F6CC5 /* ContactUs.swift in Sources */,
				6FD74DED2471F1A700D8FB80 /* BakeApp.xcdatamodeld in Sources */,
				6FD74E1E2471F3C700D8FB80 /* InsList.swift in Sources */,
				6FD74E052471F1E200D8FB80 /* Recipe.swift in Sources */,
			);
			runOnlyForDeploymentPostprocessing = 0;
		};
/* End PBXSourcesBuildPhase section */

/* Begin PBXVariantGroup section */
		6FD74DF52471F1AA00D8FB80 /* LaunchScreen.storyboard */ = {
			isa = PBXVariantGroup;
			children = (
				6FD74DF62471F1AA00D8FB80 /* Base */,
			);
			name = LaunchScreen.storyboard;
			sourceTree = "<group>";
		};
/* End PBXVariantGroup section */

/* Begin XCBuildConfiguration section */
		6FD74DF92471F1AA00D8FB80 /* Debug */ = {
			isa = XCBuildConfiguration;
			buildSettings = {
				ALWAYS_SEARCH_USER_PATHS = NO;
				CLANG_ANALYZER_NONNULL = YES;
				CLANG_ANALYZER_NUMBER_OBJECT_CONVERSION = YES_AGGRESSIVE;
				CLANG_CXX_LANGUAGE_STANDARD = "gnu++14";
				CLANG_CXX_LIBRARY = "libc++";
				CLANG_ENABLE_MODULES = YES;
				CLANG_ENABLE_OBJC_ARC = YES;
				CLANG_ENABLE_OBJC_WEAK = YES;
				CLANG_WARN_BLOCK_CAPTURE_AUTORELEASING = YES;
				CLANG_WARN_BOOL_CONVERSION = YES;
				CLANG_WARN_COMMA = YES;
				CLANG_WARN_CONSTANT_CONVERSION = YES;
				CLANG_WARN_DEPRECATED_OBJC_IMPLEMENTATIONS = YES;
				CLANG_WARN_DIRECT_OBJC_ISA_USAGE = YES_ERROR;
				CLANG_WARN_DOCUMENTATION_COMMENTS = YES;
				CLANG_WARN_EMPTY_BODY = YES;
				CLANG_WARN_ENUM_CONVERSION = YES;
				CLANG_WARN_INFINITE_RECURSION = YES;
				CLANG_WARN_INT_CONVERSION = YES;
				CLANG_WARN_NON_LITERAL_NULL_CONVERSION = YES;
				CLANG_WARN_OBJC_IMPLICIT_RETAIN_SELF = YES;
				CLANG_WARN_OBJC_LITERAL_CONVERSION = YES;
				CLANG_WARN_OBJC_ROOT_CLASS = YES_ERROR;
				CLANG_WARN_RANGE_LOOP_ANALYSIS = YES;
				CLANG_WARN_STRICT_PROTOTYPES = YES;
				CLANG_WARN_SUSPICIOUS_MOVE = YES;
				CLANG_WARN_UNGUARDED_AVAILABILITY = YES_AGGRESSIVE;
				CLANG_WARN_UNREACHABLE_CODE = YES;
				CLANG_WARN__DUPLICATE_METHOD_MATCH = YES;
				COPY_PHASE_STRIP = NO;
				DEBUG_INFORMATION_FORMAT = dwarf;
				ENABLE_STRICT_OBJC_MSGSEND = YES;
				ENABLE_TESTABILITY = YES;
				GCC_C_LANGUAGE_STANDARD = gnu11;
				GCC_DYNAMIC_NO_PIC = NO;
				GCC_NO_COMMON_BLOCKS = YES;
				GCC_OPTIMIZATION_LEVEL = 0;
				GCC_PREPROCESSOR_DEFINITIONS = (
					"DEBUG=1",
					"$(inherited)",
				);
				GCC_WARN_64_TO_32_BIT_CONVERSION = YES;
				GCC_WARN_ABOUT_RETURN_TYPE = YES_ERROR;
				GCC_WARN_UNDECLARED_SELECTOR = YES;
				GCC_WARN_UNINITIALIZED_AUTOS = YES_AGGRESSIVE;
				GCC_WARN_UNUSED_FUNCTION = YES;
				GCC_WARN_UNUSED_VARIABLE = YES;
				IPHONEOS_DEPLOYMENT_TARGET = 13.4;
				MTL_ENABLE_DEBUG_INFO = INCLUDE_SOURCE;
				MTL_FAST_MATH = YES;
				ONLY_ACTIVE_ARCH = YES;
				SDKROOT = iphoneos;
				SWIFT_ACTIVE_COMPILATION_CONDITIONS = DEBUG;
				SWIFT_OPTIMIZATION_LEVEL = "-Onone";
			};
			name = Debug;
		};
		6FD74DFA2471F1AA00D8FB80 /* Release */ = {
			isa = XCBuildConfiguration;
			buildSettings = {
				ALWAYS_SEARCH_USER_PATHS = NO;
				CLANG_ANALYZER_NONNULL = YES;
				CLANG_ANALYZER_NUMBER_OBJECT_CONVERSION = YES_AGGRESSIVE;
				CLANG_CXX_LANGUAGE_STANDARD = "gnu++14";
				CLANG_CXX_LIBRARY = "libc++";
				CLANG_ENABLE_MODULES = YES;
				CLANG_ENABLE_OBJC_ARC = YES;
				CLANG_ENABLE_OBJC_WEAK = YES;
				CLANG_WARN_BLOCK_CAPTURE_AUTORELEASING = YES;
				CLANG_WARN_BOOL_CONVERSION = YES;
				CLANG_WARN_COMMA = YES;
				CLANG_WARN_CONSTANT_CONVERSION = YES;
				CLANG_WARN_DEPRECATED_OBJC_IMPLEMENTATIONS = YES;
				CLANG_WARN_DIRECT_OBJC_ISA_USAGE = YES_ERROR;
				CLANG_WARN_DOCUMENTATION_COMMENTS = YES;
				CLANG_WARN_EMPTY_BODY = YES;
				CLANG_WARN_ENUM_CONVERSION = YES;
				CLANG_WARN_INFINITE_RECURSION = YES;
				CLANG_WARN_INT_CONVERSION = YES;
				CLANG_WARN_NON_LITERAL_NULL_CONVERSION = YES;
				CLANG_WARN_OBJC_IMPLICIT_RETAIN_SELF = YES;
				CLANG_WARN_OBJC_LITERAL_CONVERSION = YES;
				CLANG_WARN_OBJC_ROOT_CLASS = YES_ERROR;
				CLANG_WARN_RANGE_LOOP_ANALYSIS = YES;
				CLANG_WARN_STRICT_PROTOTYPES = YES;
				CLANG_WARN_SUSPICIOUS_MOVE = YES;
				CLANG_WARN_UNGUARDED_AVAILABILITY = YES_AGGRESSIVE;
				CLANG_WARN_UNREACHABLE_CODE = YES;
				CLANG_WARN__DUPLICATE_METHOD_MATCH = YES;
				COPY_PHASE_STRIP = NO;
				DEBUG_INFORMATION_FORMAT = "dwarf-with-dsym";
				ENABLE_NS_ASSERTIONS = NO;
				ENABLE_STRICT_OBJC_MSGSEND = YES;
				GCC_C_LANGUAGE_STANDARD = gnu11;
				GCC_NO_COMMON_BLOCKS = YES;
				GCC_WARN_64_TO_32_BIT_CONVERSION = YES;
				GCC_WARN_ABOUT_RETURN_TYPE = YES_ERROR;
				GCC_WARN_UNDECLARED_SELECTOR = YES;
				GCC_WARN_UNINITIALIZED_AUTOS = YES_AGGRESSIVE;
				GCC_WARN_UNUSED_FUNCTION = YES;
				GCC_WARN_UNUSED_VARIABLE = YES;
				IPHONEOS_DEPLOYMENT_TARGET = 13.4;
				MTL_ENABLE_DEBUG_INFO = NO;
				MTL_FAST_MATH = YES;
				SDKROOT = iphoneos;
				SWIFT_COMPILATION_MODE = wholemodule;
				SWIFT_OPTIMIZATION_LEVEL = "-O";
				VALIDATE_PRODUCT = YES;
			};
			name = Release;
		};
		6FD74DFC2471F1AA00D8FB80 /* Debug */ = {
			isa = XCBuildConfiguration;
			baseConfigurationReference = 050A03C664AE514832E187EB /* Pods-BakeApp.debug.xcconfig */;
			buildSettings = {
				ASSETCATALOG_COMPILER_APPICON_NAME = AppIcon;
				CODE_SIGN_STYLE = Automatic;
				DEVELOPMENT_ASSET_PATHS = "\"BakeApp/Preview Content\"";
				DEVELOPMENT_TEAM = H355V9HRKT;
				ENABLE_PREVIEWS = YES;
				INFOPLIST_FILE = BakeApp/Info.plist;
				IPHONEOS_DEPLOYMENT_TARGET = 13.3;
				LD_RUNPATH_SEARCH_PATHS = (
					"$(inherited)",
					"@executable_path/Frameworks",
				);
				PRODUCT_BUNDLE_IDENTIFIER = amoran.BakeApp;
				PRODUCT_NAME = "$(TARGET_NAME)";
				SWIFT_VERSION = 5.0;
				TARGETED_DEVICE_FAMILY = 1;
			};
			name = Debug;
		};
		6FD74DFD2471F1AA00D8FB80 /* Release */ = {
			isa = XCBuildConfiguration;
			baseConfigurationReference = A0A66B070E71913DA1461156 /* Pods-BakeApp.release.xcconfig */;
			buildSettings = {
				ASSETCATALOG_COMPILER_APPICON_NAME = AppIcon;
				CODE_SIGN_STYLE = Automatic;
				DEVELOPMENT_ASSET_PATHS = "\"BakeApp/Preview Content\"";
				DEVELOPMENT_TEAM = H355V9HRKT;
				ENABLE_PREVIEWS = YES;
				INFOPLIST_FILE = BakeApp/Info.plist;
				IPHONEOS_DEPLOYMENT_TARGET = 13.3;
				LD_RUNPATH_SEARCH_PATHS = (
					"$(inherited)",
					"@executable_path/Frameworks",
				);
				PRODUCT_BUNDLE_IDENTIFIER = amoran.BakeApp;
				PRODUCT_NAME = "$(TARGET_NAME)";
				SWIFT_VERSION = 5.0;
				TARGETED_DEVICE_FAMILY = 1;
			};
			name = Release;
		};
/* End XCBuildConfiguration section */

/* Begin XCConfigurationList section */
		6FD74DDF2471F1A600D8FB80 /* Build configuration list for PBXProject "BakeApp" */ = {
			isa = XCConfigurationList;
			buildConfigurations = (
				6FD74DF92471F1AA00D8FB80 /* Debug */,
				6FD74DFA2471F1AA00D8FB80 /* Release */,
			);
			defaultConfigurationIsVisible = 0;
			defaultConfigurationName = Release;
		};
		6FD74DFB2471F1AA00D8FB80 /* Build configuration list for PBXNativeTarget "BakeApp" */ = {
			isa = XCConfigurationList;
			buildConfigurations = (
				6FD74DFC2471F1AA00D8FB80 /* Debug */,
				6FD74DFD2471F1AA00D8FB80 /* Release */,
			);
			defaultConfigurationIsVisible = 0;
			defaultConfigurationName = Release;
		};
/* End XCConfigurationList section */

/* Begin XCRemoteSwiftPackageReference section */
		6F01F8B6248C778B00972FCB /* XCRemoteSwiftPackageReference "Pages" */ = {
			isa = XCRemoteSwiftPackageReference;
			repositoryURL = "https://github.com/nachonavarro/Pages.git";
			requirement = {
				kind = upToNextMajorVersion;
				minimumVersion = 0.1.5;
			};
		};
/* End XCRemoteSwiftPackageReference section */

/* Begin XCSwiftPackageProductDependency section */
		6F01F8B7248C778B00972FCB /* Pages */ = {
			isa = XCSwiftPackageProductDependency;
			package = 6F01F8B6248C778B00972FCB /* XCRemoteSwiftPackageReference "Pages" */;
			productName = Pages;
		};
/* End XCSwiftPackageProductDependency section */

/* Begin XCVersionGroup section */
		6FD74DEB2471F1A600D8FB80 /* BakeApp.xcdatamodeld */ = {
			isa = XCVersionGroup;
			children = (
				6FD74DEC2471F1A700D8FB80 /* BakeApp.xcdatamodel */,
			);
			currentVersion = 6FD74DEC2471F1A700D8FB80 /* BakeApp.xcdatamodel */;
			path = BakeApp.xcdatamodeld;
			sourceTree = "<group>";
			versionGroupType = wrapper.xcdatamodel;
		};
/* End XCVersionGroup section */
	};
	rootObject = 6FD74DDC2471F1A600D8FB80 /* Project object */;
}
